
Microsoft Visual Studio Solution File, Format Version 12.00
# Visual Studio Version 17
VisualStudioVersion = 17.3.32922.545
MinimumVisualStudioVersion = 10.0.40219.1
Project("{9A19103F-16F7-4668-BE54-9A1E7A4F7556}") = "PlayerRegistry", "PlayerRegistry.csproj", "{C47F5836-6D11-4020-8604-88E45BF66D1B}"
EndProject
Global
	GlobalSection(SolutionConfigurationPlatforms) = preSolution
		Debug|Any CPU = Debug|Any CPU
		Release|Any CPU = Release|Any CPU
	EndGlobalSection
	GlobalSection(ProjectConfigurationPlatforms) = postSolution
		{C47F5836-6D11-4020-8604-88E45BF66D1B}.Debug|Any CPU.ActiveCfg = Debug|Any CPU
		{C47F5836-6D11-4020-8604-88E45BF66D1B}.Debug|Any CPU.Build.0 = Debug|Any CPU
		{C47F5836-6D11-4020-8604-88E45BF66D1B}.Release|Any CPU.ActiveCfg = Release|Any CPU
		{C47F5836-6D11-4020-8604-88E45BF66D1B}.Release|Any CPU.Build.0 = Release|Any CPU
	EndGlobalSection
	GlobalSection(SolutionProperties) = preSolution
		HideSolutionNode = FALSE
	EndGlobalSection
	GlobalSection(ExtensibilityGlobals) = postSolution
		SolutionGuid = {253B2399-0159-4063-A55B-CE47AB3E8564}
	EndGlobalSection
EndGlobal
